// !$*UTF8*$!
{
	archiveVersion = 1;
	classes = {
	};
	objectVersion = 55;
	objects = {

/* Begin PBXBuildFile section */
		BA5CC0FC28C6B16C00CF24C0 /* main.m in Sources */ = {isa = PBXBuildFile; fileRef = BA5CC0FB28C6B16C00CF24C0 /* main.m */; };
		BA5CC10228C6B1C800CF24C0 /* Contact.m in Sources */ = {isa = PBXBuildFile; fileRef = BA5CC10128C6B1C800CF24C0 /* Contact.m */; };
		BA5CC10528C6B1FB00CF24C0 /* ContactList.m in Sources */ = {isa = PBXBuildFile; fileRef = BA5CC10428C6B1FB00CF24C0 /* ContactList.m */; };
		BA5CC10828C6B20A00CF24C0 /* InputCollector.m in Sources */ = {isa = PBXBuildFile; fileRef = BA5CC10728C6B20A00CF24C0 /* InputCollector.m */; };
		BA75209028C5AD03001C368B /* main.m in Sources */ = {isa = PBXBuildFile; fileRef = BA75208F28C5AD03001C368B /* main.m */; };
		BA75209628C5AE70001C368B /* InputHandler.m in Sources */ = {isa = PBXBuildFile; fileRef = BA75209528C5AE70001C368B /* InputHandler.m */; };
		BA75209928C5AE80001C368B /* Question.m in Sources */ = {isa = PBXBuildFile; fileRef = BA75209828C5AE80001C368B /* Question.m */; };
		BA75209C28C5AE92001C368B /* ScoreKeeper.m in Sources */ = {isa = PBXBuildFile; fileRef = BA75209B28C5AE92001C368B /* ScoreKeeper.m */; };
		BA9821AD28C80D8B0013CA93 /* main.m in Sources */ = {isa = PBXBuildFile; fileRef = BA9821AC28C80D8B0013CA93 /* main.m */; };
		BA9821B328C80DF40013CA93 /* Dice.m in Sources */ = {isa = PBXBuildFile; fileRef = BA9821B228C80DF40013CA93 /* Dice.m */; };
		BAA9333128BFC1FE00797947 /* main.m in Sources */ = {isa = PBXBuildFile; fileRef = BAA9333028BFC1FE00797947 /* main.m */; };
		BAA9333728BFEB1100797947 /* Box.m in Sources */ = {isa = PBXBuildFile; fileRef = BAA9333628BFEB1100797947 /* Box.m */; };
		BAE5C8CF28BE6C3C00D43FCC /* main.m in Sources */ = {isa = PBXBuildFile; fileRef = BAE5C8CE28BE6C3C00D43FCC /* main.m */; };
		BAE5C8DC28BE6CAB00D43FCC /* main.m in Sources */ = {isa = PBXBuildFile; fileRef = BAE5C8DB28BE6CAB00D43FCC /* main.m */; };
/* End PBXBuildFile section */

/* Begin PBXCopyFilesBuildPhase section */
		BA5CC0F728C6B16C00CF24C0 /* CopyFiles */ = {
			isa = PBXCopyFilesBuildPhase;
			buildActionMask = 2147483647;
			dstPath = /usr/share/man/man1/;
			dstSubfolderSpec = 0;
			files = (
			);
			runOnlyForDeploymentPostprocessing = 1;
		};
		BA75208B28C5AD03001C368B /* CopyFiles */ = {
			isa = PBXCopyFilesBuildPhase;
			buildActionMask = 2147483647;
			dstPath = /usr/share/man/man1/;
			dstSubfolderSpec = 0;
			files = (
			);
			runOnlyForDeploymentPostprocessing = 1;
		};
		BA9821A828C80D8B0013CA93 /* CopyFiles */ = {
			isa = PBXCopyFilesBuildPhase;
			buildActionMask = 2147483647;
			dstPath = /usr/share/man/man1/;
			dstSubfolderSpec = 0;
			files = (
			);
			runOnlyForDeploymentPostprocessing = 1;
		};
		BAA9332C28BFC1FE00797947 /* CopyFiles */ = {
			isa = PBXCopyFilesBuildPhase;
			buildActionMask = 2147483647;
			dstPath = /usr/share/man/man1/;
			dstSubfolderSpec = 0;
			files = (
			);
			runOnlyForDeploymentPostprocessing = 1;
		};
		BAE5C8C928BE6C3C00D43FCC /* CopyFiles */ = {
			isa = PBXCopyFilesBuildPhase;
			buildActionMask = 2147483647;
			dstPath = /usr/share/man/man1/;
			dstSubfolderSpec = 0;
			files = (
			);
			runOnlyForDeploymentPostprocessing = 1;
		};
		BAE5C8D728BE6CAB00D43FCC /* CopyFiles */ = {
			isa = PBXCopyFilesBuildPhase;
			buildActionMask = 2147483647;
			dstPath = /usr/share/man/man1/;
			dstSubfolderSpec = 0;
			files = (
			);
			runOnlyForDeploymentPostprocessing = 1;
		};
/* End PBXCopyFilesBuildPhase section */

/* Begin PBXFileReference section */
		BA5CC0F928C6B16C00CF24C0 /* Lab5 */ = {isa = PBXFileReference; explicitFileType = "compiled.mach-o.executable"; includeInIndex = 0; path = Lab5; sourceTree = BUILT_PRODUCTS_DIR; };
		BA5CC0FB28C6B16C00CF24C0 /* main.m */ = {isa = PBXFileReference; lastKnownFileType = sourcecode.c.objc; path = main.m; sourceTree = "<group>"; };
		BA5CC10028C6B1C800CF24C0 /* Contact.h */ = {isa = PBXFileReference; lastKnownFileType = sourcecode.c.h; path = Contact.h; sourceTree = "<group>"; };
		BA5CC10128C6B1C800CF24C0 /* Contact.m */ = {isa = PBXFileReference; lastKnownFileType = sourcecode.c.objc; path = Contact.m; sourceTree = "<group>"; };
		BA5CC10328C6B1FB00CF24C0 /* ContactList.h */ = {isa = PBXFileReference; lastKnownFileType = sourcecode.c.h; path = ContactList.h; sourceTree = "<group>"; };
		BA5CC10428C6B1FB00CF24C0 /* ContactList.m */ = {isa = PBXFileReference; lastKnownFileType = sourcecode.c.objc; path = ContactList.m; sourceTree = "<group>"; };
		BA5CC10628C6B20A00CF24C0 /* InputCollector.h */ = {isa = PBXFileReference; lastKnownFileType = sourcecode.c.h; path = InputCollector.h; sourceTree = "<group>"; };
		BA5CC10728C6B20A00CF24C0 /* InputCollector.m */ = {isa = PBXFileReference; lastKnownFileType = sourcecode.c.objc; path = InputCollector.m; sourceTree = "<group>"; };
		BA75208D28C5AD03001C368B /* Lab3 */ = {isa = PBXFileReference; explicitFileType = "compiled.mach-o.executable"; includeInIndex = 0; path = Lab3; sourceTree = BUILT_PRODUCTS_DIR; };
		BA75208F28C5AD03001C368B /* main.m */ = {isa = PBXFileReference; lastKnownFileType = sourcecode.c.objc; path = main.m; sourceTree = "<group>"; };
		BA75209428C5AE70001C368B /* InputHandler.h */ = {isa = PBXFileReference; lastKnownFileType = sourcecode.c.h; path = InputHandler.h; sourceTree = "<group>"; };
		BA75209528C5AE70001C368B /* InputHandler.m */ = {isa = PBXFileReference; lastKnownFileType = sourcecode.c.objc; path = InputHandler.m; sourceTree = "<group>"; };
		BA75209728C5AE80001C368B /* Question.h */ = {isa = PBXFileReference; lastKnownFileType = sourcecode.c.h; path = Question.h; sourceTree = "<group>"; };
		BA75209828C5AE80001C368B /* Question.m */ = {isa = PBXFileReference; lastKnownFileType = sourcecode.c.objc; path = Question.m; sourceTree = "<group>"; };
		BA75209A28C5AE92001C368B /* ScoreKeeper.h */ = {isa = PBXFileReference; lastKnownFileType = sourcecode.c.h; path = ScoreKeeper.h; sourceTree = "<group>"; };
		BA75209B28C5AE92001C368B /* ScoreKeeper.m */ = {isa = PBXFileReference; lastKnownFileType = sourcecode.c.objc; path = ScoreKeeper.m; sourceTree = "<group>"; };
		BA9821AA28C80D8B0013CA93 /* Lab6 */ = {isa = PBXFileReference; explicitFileType = "compiled.mach-o.executable"; includeInIndex = 0; path = Lab6; sourceTree = BUILT_PRODUCTS_DIR; };
		BA9821AC28C80D8B0013CA93 /* main.m */ = {isa = PBXFileReference; lastKnownFileType = sourcecode.c.objc; path = main.m; sourceTree = "<group>"; };
		BA9821B128C80DF40013CA93 /* Dice.h */ = {isa = PBXFileReference; lastKnownFileType = sourcecode.c.h; path = Dice.h; sourceTree = "<group>"; };
		BA9821B228C80DF40013CA93 /* Dice.m */ = {isa = PBXFileReference; lastKnownFileType = sourcecode.c.objc; path = Dice.m; sourceTree = "<group>"; };
		BAA9332E28BFC1FE00797947 /* Lab2 */ = {isa = PBXFileReference; explicitFileType = "compiled.mach-o.executable"; includeInIndex = 0; path = Lab2; sourceTree = BUILT_PRODUCTS_DIR; };
		BAA9333028BFC1FE00797947 /* main.m */ = {isa = PBXFileReference; lastKnownFileType = sourcecode.c.objc; path = main.m; sourceTree = "<group>"; };
		BAA9333528BFEB1100797947 /* Box.h */ = {isa = PBXFileReference; lastKnownFileType = sourcecode.c.h; path = Box.h; sourceTree = "<group>"; };
		BAA9333628BFEB1100797947 /* Box.m */ = {isa = PBXFileReference; lastKnownFileType = sourcecode.c.objc; path = Box.m; sourceTree = "<group>"; };
		BAE5C8CB28BE6C3C00D43FCC /* ObjectiveC */ = {isa = PBXFileReference; explicitFileType = "compiled.mach-o.executable"; includeInIndex = 0; path = ObjectiveC; sourceTree = BUILT_PRODUCTS_DIR; };
		BAE5C8CE28BE6C3C00D43FCC /* main.m */ = {isa = PBXFileReference; lastKnownFileType = sourcecode.c.objc; path = main.m; sourceTree = "<group>"; };
		BAE5C8D928BE6CAB00D43FCC /* Lab1 */ = {isa = PBXFileReference; explicitFileType = "compiled.mach-o.executable"; includeInIndex = 0; path = Lab1; sourceTree = BUILT_PRODUCTS_DIR; };
		BAE5C8DB28BE6CAB00D43FCC /* main.m */ = {isa = PBXFileReference; lastKnownFileType = sourcecode.c.objc; path = main.m; sourceTree = "<group>"; };
/* End PBXFileReference section */

/* Begin PBXFrameworksBuildPhase section */
		BA5CC0F628C6B16C00CF24C0 /* Frameworks */ = {
			isa = PBXFrameworksBuildPhase;
			buildActionMask = 2147483647;
			files = (
			);
			runOnlyForDeploymentPostprocessing = 0;
		};
		BA75208A28C5AD03001C368B /* Frameworks */ = {
			isa = PBXFrameworksBuildPhase;
			buildActionMask = 2147483647;
			files = (
			);
			runOnlyForDeploymentPostprocessing = 0;
		};
		BA9821A728C80D8B0013CA93 /* Frameworks */ = {
			isa = PBXFrameworksBuildPhase;
			buildActionMask = 2147483647;
			files = (
			);
			runOnlyForDeploymentPostprocessing = 0;
		};
		BAA9332B28BFC1FE00797947 /* Frameworks */ = {
			isa = PBXFrameworksBuildPhase;
			buildActionMask = 2147483647;
			files = (
			);
			runOnlyForDeploymentPostprocessing = 0;
		};
		BAE5C8C828BE6C3C00D43FCC /* Frameworks */ = {
			isa = PBXFrameworksBuildPhase;
			buildActionMask = 2147483647;
			files = (
			);
			runOnlyForDeploymentPostprocessing = 0;
		};
		BAE5C8D628BE6CAB00D43FCC /* Frameworks */ = {
			isa = PBXFrameworksBuildPhase;
			buildActionMask = 2147483647;
			files = (
			);
			runOnlyForDeploymentPostprocessing = 0;
		};
/* End PBXFrameworksBuildPhase section */

/* Begin PBXGroup section */
		BA5CC0FA28C6B16C00CF24C0 /* Lab5 */ = {
			isa = PBXGroup;
			children = (
				BA5CC0FB28C6B16C00CF24C0 /* main.m */,
				BA5CC10028C6B1C800CF24C0 /* Contact.h */,
				BA5CC10128C6B1C800CF24C0 /* Contact.m */,
				BA5CC10328C6B1FB00CF24C0 /* ContactList.h */,
				BA5CC10428C6B1FB00CF24C0 /* ContactList.m */,
				BA5CC10628C6B20A00CF24C0 /* InputCollector.h */,
				BA5CC10728C6B20A00CF24C0 /* InputCollector.m */,
			);
			path = Lab5;
			sourceTree = "<group>";
		};
		BA75208E28C5AD03001C368B /* Lab3 */ = {
			isa = PBXGroup;
			children = (
				BA75208F28C5AD03001C368B /* main.m */,
				BA75209428C5AE70001C368B /* InputHandler.h */,
				BA75209528C5AE70001C368B /* InputHandler.m */,
				BA75209728C5AE80001C368B /* Question.h */,
				BA75209828C5AE80001C368B /* Question.m */,
				BA75209A28C5AE92001C368B /* ScoreKeeper.h */,
				BA75209B28C5AE92001C368B /* ScoreKeeper.m */,
			);
			path = Lab3;
			sourceTree = "<group>";
		};
		BA9821AB28C80D8B0013CA93 /* Lab6 */ = {
			isa = PBXGroup;
			children = (
				BA9821AC28C80D8B0013CA93 /* main.m */,
				BA9821B128C80DF40013CA93 /* Dice.h */,
				BA9821B228C80DF40013CA93 /* Dice.m */,
			);
			path = Lab6;
			sourceTree = "<group>";
		};
		BAA9332F28BFC1FE00797947 /* Lab2 */ = {
			isa = PBXGroup;
			children = (
				BAA9333028BFC1FE00797947 /* main.m */,
				BAA9333528BFEB1100797947 /* Box.h */,
				BAA9333628BFEB1100797947 /* Box.m */,
			);
			path = Lab2;
			sourceTree = "<group>";
		};
		BAE5C8C228BE6C3C00D43FCC = {
			isa = PBXGroup;
			children = (
				BAE5C8CD28BE6C3C00D43FCC /* ObjectiveC */,
				BAE5C8DA28BE6CAB00D43FCC /* Lab1 */,
				BAA9332F28BFC1FE00797947 /* Lab2 */,
				BA75208E28C5AD03001C368B /* Lab3 */,
				BA5CC0FA28C6B16C00CF24C0 /* Lab5 */,
				BA9821AB28C80D8B0013CA93 /* Lab6 */,
				BAE5C8CC28BE6C3C00D43FCC /* Products */,
			);
			sourceTree = "<group>";
		};
		BAE5C8CC28BE6C3C00D43FCC /* Products */ = {
			isa = PBXGroup;
			children = (
				BAE5C8CB28BE6C3C00D43FCC /* ObjectiveC */,
				BAE5C8D928BE6CAB00D43FCC /* Lab1 */,
				BAA9332E28BFC1FE00797947 /* Lab2 */,
				BA75208D28C5AD03001C368B /* Lab3 */,
				BA5CC0F928C6B16C00CF24C0 /* Lab5 */,
				BA9821AA28C80D8B0013CA93 /* Lab6 */,
			);
			name = Products;
			sourceTree = "<group>";
		};
		BAE5C8CD28BE6C3C00D43FCC /* ObjectiveC */ = {
			isa = PBXGroup;
			children = (
				BAE5C8CE28BE6C3C00D43FCC /* main.m */,
			);
			path = ObjectiveC;
			sourceTree = "<group>";
		};
		BAE5C8DA28BE6CAB00D43FCC /* Lab1 */ = {
			isa = PBXGroup;
			children = (
				BAE5C8DB28BE6CAB00D43FCC /* main.m */,
			);
			path = Lab1;
			sourceTree = "<group>";
		};
/* End PBXGroup section */

/* Begin PBXNativeTarget section */
		BA5CC0F828C6B16C00CF24C0 /* Lab5 */ = {
			isa = PBXNativeTarget;
			buildConfigurationList = BA5CC0FF28C6B16C00CF24C0 /* Build configuration list for PBXNativeTarget "Lab5" */;
			buildPhases = (
				BA5CC0F528C6B16C00CF24C0 /* Sources */,
				BA5CC0F628C6B16C00CF24C0 /* Frameworks */,
				BA5CC0F728C6B16C00CF24C0 /* CopyFiles */,
			);
			buildRules = (
			);
			dependencies = (
			);
			name = Lab5;
			productName = Lab5;
			productReference = BA5CC0F928C6B16C00CF24C0 /* Lab5 */;
			productType = "com.apple.product-type.tool";
		};
		BA75208C28C5AD03001C368B /* Lab3 */ = {
			isa = PBXNativeTarget;
			buildConfigurationList = BA75209328C5AD03001C368B /* Build configuration list for PBXNativeTarget "Lab3" */;
			buildPhases = (
				BA75208928C5AD03001C368B /* Sources */,
				BA75208A28C5AD03001C368B /* Frameworks */,
				BA75208B28C5AD03001C368B /* CopyFiles */,
			);
			buildRules = (
			);
			dependencies = (
			);
			name = Lab3;
			productName = Lab3;
			productReference = BA75208D28C5AD03001C368B /* Lab3 */;
			productType = "com.apple.product-type.tool";
		};
		BA9821A928C80D8B0013CA93 /* Lab6 */ = {
			isa = PBXNativeTarget;
			buildConfigurationList = BA9821B028C80D8B0013CA93 /* Build configuration list for PBXNativeTarget "Lab6" */;
			buildPhases = (
				BA9821A628C80D8B0013CA93 /* Sources */,
				BA9821A728C80D8B0013CA93 /* Frameworks */,
				BA9821A828C80D8B0013CA93 /* CopyFiles */,
			);
			buildRules = (
			);
			dependencies = (
			);
			name = Lab6;
			productName = Lab6;
			productReference = BA9821AA28C80D8B0013CA93 /* Lab6 */;
			productType = "com.apple.product-type.tool";
		};
		BAA9332D28BFC1FE00797947 /* Lab2 */ = {
			isa = PBXNativeTarget;
			buildConfigurationList = BAA9333428BFC1FE00797947 /* Build configuration list for PBXNativeTarget "Lab2" */;
			buildPhases = (
				BAA9332A28BFC1FE00797947 /* Sources */,
				BAA9332B28BFC1FE00797947 /* Frameworks */,
				BAA9332C28BFC1FE00797947 /* CopyFiles */,
			);
			buildRules = (
			);
			dependencies = (
			);
			name = Lab2;
			productName = Lab2;
			productReference = BAA9332E28BFC1FE00797947 /* Lab2 */;
			productType = "com.apple.product-type.tool";
		};
		BAE5C8CA28BE6C3C00D43FCC /* ObjectiveC */ = {
			isa = PBXNativeTarget;
			buildConfigurationList = BAE5C8D228BE6C3C00D43FCC /* Build configuration list for PBXNativeTarget "ObjectiveC" */;
			buildPhases = (
				BAE5C8C728BE6C3C00D43FCC /* Sources */,
				BAE5C8C828BE6C3C00D43FCC /* Frameworks */,
				BAE5C8C928BE6C3C00D43FCC /* CopyFiles */,
			);
			buildRules = (
			);
			dependencies = (
			);
			name = ObjectiveC;
			productName = ObjectiveC;
			productReference = BAE5C8CB28BE6C3C00D43FCC /* ObjectiveC */;
			productType = "com.apple.product-type.tool";
		};
		BAE5C8D828BE6CAB00D43FCC /* Lab1 */ = {
			isa = PBXNativeTarget;
			buildConfigurationList = BAE5C8DD28BE6CAB00D43FCC /* Build configuration list for PBXNativeTarget "Lab1" */;
			buildPhases = (
				BAE5C8D528BE6CAB00D43FCC /* Sources */,
				BAE5C8D628BE6CAB00D43FCC /* Frameworks */,
				BAE5C8D728BE6CAB00D43FCC /* CopyFiles */,
			);
			buildRules = (
			);
			dependencies = (
			);
			name = Lab1;
			productName = Lab1;
			productReference = BAE5C8D928BE6CAB00D43FCC /* Lab1 */;
			productType = "com.apple.product-type.tool";
		};
/* End PBXNativeTarget section */

/* Begin PBXProject section */
		BAE5C8C328BE6C3C00D43FCC /* Project object */ = {
			isa = PBXProject;
			attributes = {
				BuildIndependentTargetsInParallel = 1;
				LastUpgradeCheck = 1340;
				TargetAttributes = {
					BA5CC0F828C6B16C00CF24C0 = {
						CreatedOnToolsVersion = 13.4.1;
					};
					BA75208C28C5AD03001C368B = {
						CreatedOnToolsVersion = 13.4.1;
					};
					BA9821A928C80D8B0013CA93 = {
						CreatedOnToolsVersion = 13.4.1;
					};
					BAA9332D28BFC1FE00797947 = {
						CreatedOnToolsVersion = 13.4.1;
					};
					BAE5C8CA28BE6C3C00D43FCC = {
						CreatedOnToolsVersion = 13.4.1;
					};
					BAE5C8D828BE6CAB00D43FCC = {
						CreatedOnToolsVersion = 13.4.1;
					};
				};
			};
			buildConfigurationList = BAE5C8C628BE6C3C00D43FCC /* Build configuration list for PBXProject "ObjectiveC" */;
			compatibilityVersion = "Xcode 13.0";
			developmentRegion = en;
			hasScannedForEncodings = 0;
			knownRegions = (
				en,
				Base,
			);
			mainGroup = BAE5C8C228BE6C3C00D43FCC;
			productRefGroup = BAE5C8CC28BE6C3C00D43FCC /* Products */;
			projectDirPath = "";
			projectRoot = "";
			targets = (
				BAE5C8CA28BE6C3C00D43FCC /* ObjectiveC */,
				BAE5C8D828BE6CAB00D43FCC /* Lab1 */,
				BAA9332D28BFC1FE00797947 /* Lab2 */,
				BA75208C28C5AD03001C368B /* Lab3 */,
				BA5CC0F828C6B16C00CF24C0 /* Lab5 */,
				BA9821A928C80D8B0013CA93 /* Lab6 */,
			);
		};
/* End PBXProject section */

/* Begin PBXSourcesBuildPhase section */
		BA5CC0F528C6B16C00CF24C0 /* Sources */ = {
			isa = PBXSourcesBuildPhase;
			buildActionMask = 2147483647;
			files = (
				BA5CC10528C6B1FB00CF24C0 /* ContactList.m in Sources */,
				BA5CC10228C6B1C800CF24C0 /* Contact.m in Sources */,
				BA5CC10828C6B20A00CF24C0 /* InputCollector.m in Sources */,
				BA5CC0FC28C6B16C00CF24C0 /* main.m in Sources */,
			);
			runOnlyForDeploymentPostprocessing = 0;
		};
		BA75208928C5AD03001C368B /* Sources */ = {
			isa = PBXSourcesBuildPhase;
			buildActionMask = 2147483647;
			files = (
				BA75209C28C5AE92001C368B /* ScoreKeeper.m in Sources */,
				BA75209928C5AE80001C368B /* Question.m in Sources */,
				BA75209028C5AD03001C368B /* main.m in Sources */,
				BA75209628C5AE70001C368B /* InputHandler.m in Sources */,
			);
			runOnlyForDeploymentPostprocessing = 0;
		};
		BA9821A628C80D8B0013CA93 /* Sources */ = {
			isa = PBXSourcesBuildPhase;
			buildActionMask = 2147483647;
			files = (
				BA9821B328C80DF40013CA93 /* Dice.m in Sources */,
				BA9821AD28C80D8B0013CA93 /* main.m in Sources */,
			);
			runOnlyForDeploymentPostprocessing = 0;
		};
		BAA9332A28BFC1FE00797947 /* Sources */ = {
			isa = PBXSourcesBuildPhase;
			buildActionMask = 2147483647;
			files = (
				BAA9333128BFC1FE00797947 /* main.m in Sources */,
				BAA9333728BFEB1100797947 /* Box.m in Sources */,
			);
			runOnlyForDeploymentPostprocessing = 0;
		};
		BAE5C8C728BE6C3C00D43FCC /* Sources */ = {
			isa = PBXSourcesBuildPhase;
			buildActionMask = 2147483647;
			files = (
				BAE5C8CF28BE6C3C00D43FCC /* main.m in Sources */,
			);
			runOnlyForDeploymentPostprocessing = 0;
		};
		BAE5C8D528BE6CAB00D43FCC /* Sources */ = {
			isa = PBXSourcesBuildPhase;
			buildActionMask = 2147483647;
			files = (
				BAE5C8DC28BE6CAB00D43FCC /* main.m in Sources */,
			);
			runOnlyForDeploymentPostprocessing = 0;
		};
/* End PBXSourcesBuildPhase section */

/* Begin XCBuildConfiguration section */
		BA5CC0FD28C6B16C00CF24C0 /* Debug */ = {
			isa = XCBuildConfiguration;
			buildSettings = {
				CODE_SIGN_STYLE = Automatic;
				PRODUCT_NAME = "$(TARGET_NAME)";
			};
			name = Debug;
		};
		BA5CC0FE28C6B16C00CF24C0 /* Release */ = {
			isa = XCBuildConfiguration;
			buildSettings = {
				CODE_SIGN_STYLE = Automatic;
				PRODUCT_NAME = "$(TARGET_NAME)";
			};
			name = Release;
		};
		BA75209128C5AD03001C368B /* Debug */ = {
			isa = XCBuildConfiguration;
			buildSettings = {
				CODE_SIGN_STYLE = Automatic;
				PRODUCT_NAME = "$(TARGET_NAME)";
			};
			name = Debug;
		};
		BA75209228C5AD03001C368B /* Release */ = {
			isa = XCBuildConfiguration;
			buildSettings = {
				CODE_SIGN_STYLE = Automatic;
				PRODUCT_NAME = "$(TARGET_NAME)";
			};
			name = Release;
		};
		BA9821AE28C80D8B0013CA93 /* Debug */ = {
			isa = XCBuildConfiguration;
			buildSettings = {
				CODE_SIGN_STYLE = Automatic;
				PRODUCT_NAME = "$(TARGET_NAME)";
			};
			name = Debug;
		};
		BA9821AF28C80D8B0013CA93 /* Release */ = {
			isa = XCBuildConfiguration;
			buildSettings = {
				CODE_SIGN_STYLE = Automatic;
				PRODUCT_NAME = "$(TARGET_NAME)";
			};
			name = Release;
		};
		BAA9333228BFC1FE00797947 /* Debug */ = {
			isa = XCBuildConfiguration;
			buildSettings = {
				CODE_SIGN_STYLE = Automatic;
				PRODUCT_NAME = "$(TARGET_NAME)";
			};
			name = Debug;
		};
		BAA9333328BFC1FE00797947 /* Release */ = {
			isa = XCBuildConfiguration;
			buildSettings = {
				CODE_SIGN_STYLE = Automatic;
				PRODUCT_NAME = "$(TARGET_NAME)";
			};
			name = Release;
		};
		BAE5C8D028BE6C3C00D43FCC /* Debug */ = {
			isa = XCBuildConfiguration;
			buildSettings = {
				ALWAYS_SEARCH_USER_PATHS = NO;
				CLANG_ANALYZER_NONNULL = YES;
				CLANG_ANALYZER_NUMBER_OBJECT_CONVERSION = YES_AGGRESSIVE;
				CLANG_CXX_LANGUAGE_STANDARD = "gnu++17";
				CLANG_ENABLE_MODULES = YES;
				CLANG_ENABLE_OBJC_ARC = YES;
				CLANG_ENABLE_OBJC_WEAK = YES;
				CLANG_WARN_BLOCK_CAPTURE_AUTORELEASING = YES;
				CLANG_WARN_BOOL_CONVERSION = YES;
				CLANG_WARN_COMMA = YES;
				CLANG_WARN_CONSTANT_CONVERSION = YES;
				CLANG_WARN_DEPRECATED_OBJC_IMPLEMENTATIONS = YES;
				CLANG_WARN_DIRECT_OBJC_ISA_USAGE = YES_ERROR;
				CLANG_WARN_DOCUMENTATION_COMMENTS = YES;
				CLANG_WARN_EMPTY_BODY = YES;
				CLANG_WARN_ENUM_CONVERSION = YES;
				CLANG_WARN_INFINITE_RECURSION = YES;
				CLANG_WARN_INT_CONVERSION = YES;
				CLANG_WARN_NON_LITERAL_NULL_CONVERSION = YES;
				CLANG_WARN_OBJC_IMPLICIT_RETAIN_SELF = YES;
				CLANG_WARN_OBJC_LITERAL_CONVERSION = YES;
				CLANG_WARN_OBJC_ROOT_CLASS = YES_ERROR;
				CLANG_WARN_QUOTED_INCLUDE_IN_FRAMEWORK_HEADER = YES;
				CLANG_WARN_RANGE_LOOP_ANALYSIS = YES;
				CLANG_WARN_STRICT_PROTOTYPES = YES;
				CLANG_WARN_SUSPICIOUS_MOVE = YES;
				CLANG_WARN_UNGUARDED_AVAILABILITY = YES_AGGRESSIVE;
				CLANG_WARN_UNREACHABLE_CODE = YES;
				CLANG_WARN__DUPLICATE_METHOD_MATCH = YES;
				COPY_PHASE_STRIP = NO;
				DEBUG_INFORMATION_FORMAT = dwarf;
				ENABLE_STRICT_OBJC_MSGSEND = YES;
				ENABLE_TESTABILITY = YES;
				GCC_C_LANGUAGE_STANDARD = gnu11;
				GCC_DYNAMIC_NO_PIC = NO;
				GCC_NO_COMMON_BLOCKS = YES;
				GCC_OPTIMIZATION_LEVEL = 0;
				GCC_PREPROCESSOR_DEFINITIONS = (
					"DEBUG=1",
					"$(inherited)",
				);
				GCC_WARN_64_TO_32_BIT_CONVERSION = YES;
				GCC_WARN_ABOUT_RETURN_TYPE = YES_ERROR;
				GCC_WARN_UNDECLARED_SELECTOR = YES;
				GCC_WARN_UNINITIALIZED_AUTOS = YES_AGGRESSIVE;
				GCC_WARN_UNUSED_FUNCTION = YES;
				GCC_WARN_UNUSED_VARIABLE = YES;
				MACOSX_DEPLOYMENT_TARGET = 12.3;
				MTL_ENABLE_DEBUG_INFO = INCLUDE_SOURCE;
				MTL_FAST_MATH = YES;
				ONLY_ACTIVE_ARCH = YES;
				SDKROOT = macosx;
			};
			name = Debug;
		};
		BAE5C8D128BE6C3C00D43FCC /* Release */ = {
			isa = XCBuildConfiguration;
			buildSettings = {
				ALWAYS_SEARCH_USER_PATHS = NO;
				CLANG_ANALYZER_NONNULL = YES;
				CLANG_ANALYZER_NUMBER_OBJECT_CONVERSION = YES_AGGRESSIVE;
				CLANG_CXX_LANGUAGE_STANDARD = "gnu++17";
				CLANG_ENABLE_MODULES = YES;
				CLANG_ENABLE_OBJC_ARC = YES;
				CLANG_ENABLE_OBJC_WEAK = YES;
				CLANG_WARN_BLOCK_CAPTURE_AUTORELEASING = YES;
				CLANG_WARN_BOOL_CONVERSION = YES;
				CLANG_WARN_COMMA = YES;
				CLANG_WARN_CONSTANT_CONVERSION = YES;
				CLANG_WARN_DEPRECATED_OBJC_IMPLEMENTATIONS = YES;
				CLANG_WARN_DIRECT_OBJC_ISA_USAGE = YES_ERROR;
				CLANG_WARN_DOCUMENTATION_COMMENTS = YES;
				CLANG_WARN_EMPTY_BODY = YES;
				CLANG_WARN_ENUM_CONVERSION = YES;
				CLANG_WARN_INFINITE_RECURSION = YES;
				CLANG_WARN_INT_CONVERSION = YES;
				CLANG_WARN_NON_LITERAL_NULL_CONVERSION = YES;
				CLANG_WARN_OBJC_IMPLICIT_RETAIN_SELF = YES;
				CLANG_WARN_OBJC_LITERAL_CONVERSION = YES;
				CLANG_WARN_OBJC_ROOT_CLASS = YES_ERROR;
				CLANG_WARN_QUOTED_INCLUDE_IN_FRAMEWORK_HEADER = YES;
				CLANG_WARN_RANGE_LOOP_ANALYSIS = YES;
				CLANG_WARN_STRICT_PROTOTYPES = YES;
				CLANG_WARN_SUSPICIOUS_MOVE = YES;
				CLANG_WARN_UNGUARDED_AVAILABILITY = YES_AGGRESSIVE;
				CLANG_WARN_UNREACHABLE_CODE = YES;
				CLANG_WARN__DUPLICATE_METHOD_MATCH = YES;
				COPY_PHASE_STRIP = NO;
				DEBUG_INFORMATION_FORMAT = "dwarf-with-dsym";
				ENABLE_NS_ASSERTIONS = NO;
				ENABLE_STRICT_OBJC_MSGSEND = YES;
				GCC_C_LANGUAGE_STANDARD = gnu11;
				GCC_NO_COMMON_BLOCKS = YES;
				GCC_WARN_64_TO_32_BIT_CONVERSION = YES;
				GCC_WARN_ABOUT_RETURN_TYPE = YES_ERROR;
				GCC_WARN_UNDECLARED_SELECTOR = YES;
				GCC_WARN_UNINITIALIZED_AUTOS = YES_AGGRESSIVE;
				GCC_WARN_UNUSED_FUNCTION = YES;
				GCC_WARN_UNUSED_VARIABLE = YES;
				MACOSX_DEPLOYMENT_TARGET = 12.3;
				MTL_ENABLE_DEBUG_INFO = NO;
				MTL_FAST_MATH = YES;
				SDKROOT = macosx;
			};
			name = Release;
		};
		BAE5C8D328BE6C3C00D43FCC /* Debug */ = {
			isa = XCBuildConfiguration;
			buildSettings = {
				CODE_SIGN_STYLE = Automatic;
				PRODUCT_NAME = "$(TARGET_NAME)";
			};
			name = Debug;
		};
		BAE5C8D428BE6C3C00D43FCC /* Release */ = {
			isa = XCBuildConfiguration;
			buildSettings = {
				CODE_SIGN_STYLE = Automatic;
				PRODUCT_NAME = "$(TARGET_NAME)";
			};
			name = Release;
		};
		BAE5C8DE28BE6CAB00D43FCC /* Debug */ = {
			isa = XCBuildConfiguration;
			buildSettings = {
				CODE_SIGN_STYLE = Automatic;
				PRODUCT_NAME = "$(TARGET_NAME)";
			};
			name = Debug;
		};
		BAE5C8DF28BE6CAB00D43FCC /* Release */ = {
			isa = XCBuildConfiguration;
			buildSettings = {
				CODE_SIGN_STYLE = Automatic;
				PRODUCT_NAME = "$(TARGET_NAME)";
			};
			name = Release;
		};
/* End XCBuildConfiguration section */

/* Begin XCConfigurationList section */
		BA5CC0FF28C6B16C00CF24C0 /* Build configuration list for PBXNativeTarget "Lab5" */ = {
			isa = XCConfigurationList;
			buildConfigurations = (
				BA5CC0FD28C6B16C00CF24C0 /* Debug */,
				BA5CC0FE28C6B16C00CF24C0 /* Release */,
			);
			defaultConfigurationIsVisible = 0;
			defaultConfigurationName = Release;
		};
		BA75209328C5AD03001C368B /* Build configuration list for PBXNativeTarget "Lab3" */ = {
			isa = XCConfigurationList;
			buildConfigurations = (
				BA75209128C5AD03001C368B /* Debug */,
				BA75209228C5AD03001C368B /* Release */,
			);
			defaultConfigurationIsVisible = 0;
			defaultConfigurationName = Release;
		};
		BA9821B028C80D8B0013CA93 /* Build configuration list for PBXNativeTarget "Lab6" */ = {
			isa = XCConfigurationList;
			buildConfigurations = (
				BA9821AE28C80D8B0013CA93 /* Debug */,
				BA9821AF28C80D8B0013CA93 /* Release */,
			);
			defaultConfigurationIsVisible = 0;
			defaultConfigurationName = Release;
		};
		BAA9333428BFC1FE00797947 /* Build configuration list for PBXNativeTarget "Lab2" */ = {
			isa = XCConfigurationList;
			buildConfigurations = (
				BAA9333228BFC1FE00797947 /* Debug */,
				BAA9333328BFC1FE00797947 /* Release */,
			);
			defaultConfigurationIsVisible = 0;
			defaultConfigurationName = Release;
		};
		BAE5C8C628BE6C3C00D43FCC /* Build configuration list for PBXProject "ObjectiveC" */ = {
			isa = XCConfigurationList;
			buildConfigurations = (
				BAE5C8D028BE6C3C00D43FCC /* Debug */,
				BAE5C8D128BE6C3C00D43FCC /* Release */,
			);
			defaultConfigurationIsVisible = 0;
			defaultConfigurationName = Release;
		};
		BAE5C8D228BE6C3C00D43FCC /* Build configuration list for PBXNativeTarget "ObjectiveC" */ = {
			isa = XCConfigurationList;
			buildConfigurations = (
				BAE5C8D328BE6C3C00D43FCC /* Debug */,
				BAE5C8D428BE6C3C00D43FCC /* Release */,
			);
			defaultConfigurationIsVisible = 0;
			defaultConfigurationName = Release;
		};
		BAE5C8DD28BE6CAB00D43FCC /* Build configuration list for PBXNativeTarget "Lab1" */ = {
			isa = XCConfigurationList;
			buildConfigurations = (
				BAE5C8DE28BE6CAB00D43FCC /* Debug */,
				BAE5C8DF28BE6CAB00D43FCC /* Release */,
			);
			defaultConfigurationIsVisible = 0;
			defaultConfigurationName = Release;
		};
/* End XCConfigurationList section */
	};
	rootObject = BAE5C8C328BE6C3C00D43FCC /* Project object */;
}
